// !$*UTF8*$!
{
	archiveVersion = 1;
	classes = {
	};
	objectVersion = 56;
	objects = {

/* Begin PBXBuildFile section */
		ED6E737F2B0F04070034D786 /* PartyApp.swift in Sources */ = {isa = PBXBuildFile; fileRef = ED6E737E2B0F04070034D786 /* PartyApp.swift */; };
		ED6E73812B0F04070034D786 /* PartyView.swift in Sources */ = {isa = PBXBuildFile; fileRef = ED6E73802B0F04070034D786 /* PartyView.swift */; };
		ED6E73852B0F04080034D786 /* Assets.xcassets in Resources */ = {isa = PBXBuildFile; fileRef = ED6E73842B0F04080034D786 /* Assets.xcassets */; };
		ED6E73892B0F04080034D786 /* Preview Assets.xcassets in Resources */ = {isa = PBXBuildFile; fileRef = ED6E73882B0F04080034D786 /* Preview Assets.xcassets */; };
		ED8E91752B10258D00F5DE66 /* CompactView.swift in Sources */ = {isa = PBXBuildFile; fileRef = ED8E91742B10258D00F5DE66 /* CompactView.swift */; };
		ED8E91772B1025A000F5DE66 /* RegularView.swift in Sources */ = {isa = PBXBuildFile; fileRef = ED8E91762B1025A000F5DE66 /* RegularView.swift */; };
		ED8E917A2B1025E400F5DE66 /* Active.swift in Sources */ = {isa = PBXBuildFile; fileRef = ED8E91792B1025E400F5DE66 /* Active.swift */; };
		ED8E917C2B102EB400F5DE66 /* DashboardView.swift in Sources */ = {isa = PBXBuildFile; fileRef = ED8E917B2B102EB400F5DE66 /* DashboardView.swift */; };
		ED8E917E2B102EC000F5DE66 /* AccountsView.swift in Sources */ = {isa = PBXBuildFile; fileRef = ED8E917D2B102EC000F5DE66 /* AccountsView.swift */; };
		ED8E91802B102ED000F5DE66 /* SettingsView.swift in Sources */ = {isa = PBXBuildFile; fileRef = ED8E917F2B102ED000F5DE66 /* SettingsView.swift */; };
		ED8E91822B10347200F5DE66 /* Appearance.swift in Sources */ = {isa = PBXBuildFile; fileRef = ED8E91812B10347200F5DE66 /* Appearance.swift */; };
/* End PBXBuildFile section */

/* Begin PBXFileReference section */
		ED6E737B2B0F04070034D786 /* Party.app */ = {isa = PBXFileReference; explicitFileType = wrapper.application; includeInIndex = 0; path = Party.app; sourceTree = BUILT_PRODUCTS_DIR; };
		ED6E737E2B0F04070034D786 /* PartyApp.swift */ = {isa = PBXFileReference; lastKnownFileType = sourcecode.swift; path = PartyApp.swift; sourceTree = "<group>"; };
		ED6E73802B0F04070034D786 /* PartyView.swift */ = {isa = PBXFileReference; lastKnownFileType = sourcecode.swift; path = PartyView.swift; sourceTree = "<group>"; };
		ED6E73842B0F04080034D786 /* Assets.xcassets */ = {isa = PBXFileReference; lastKnownFileType = folder.assetcatalog; path = Assets.xcassets; sourceTree = "<group>"; };
		ED6E73862B0F04080034D786 /* Party.entitlements */ = {isa = PBXFileReference; lastKnownFileType = text.plist.entitlements; path = Party.entitlements; sourceTree = "<group>"; };
		ED6E73882B0F04080034D786 /* Preview Assets.xcassets */ = {isa = PBXFileReference; lastKnownFileType = folder.assetcatalog; path = "Preview Assets.xcassets"; sourceTree = "<group>"; };
		ED6E738A2B0F04080034D786 /* Info.plist */ = {isa = PBXFileReference; lastKnownFileType = text.plist.xml; path = Info.plist; sourceTree = "<group>"; };
		ED8E91742B10258D00F5DE66 /* CompactView.swift */ = {isa = PBXFileReference; lastKnownFileType = sourcecode.swift; path = CompactView.swift; sourceTree = "<group>"; };
		ED8E91762B1025A000F5DE66 /* RegularView.swift */ = {isa = PBXFileReference; lastKnownFileType = sourcecode.swift; path = RegularView.swift; sourceTree = "<group>"; };
		ED8E91792B1025E400F5DE66 /* Active.swift */ = {isa = PBXFileReference; lastKnownFileType = sourcecode.swift; path = Active.swift; sourceTree = "<group>"; };
		ED8E917B2B102EB400F5DE66 /* DashboardView.swift */ = {isa = PBXFileReference; lastKnownFileType = sourcecode.swift; path = DashboardView.swift; sourceTree = "<group>"; };
		ED8E917D2B102EC000F5DE66 /* AccountsView.swift */ = {isa = PBXFileReference; lastKnownFileType = sourcecode.swift; path = AccountsView.swift; sourceTree = "<group>"; };
		ED8E917F2B102ED000F5DE66 /* SettingsView.swift */ = {isa = PBXFileReference; lastKnownFileType = sourcecode.swift; path = SettingsView.swift; sourceTree = "<group>"; };
		ED8E91812B10347200F5DE66 /* Appearance.swift */ = {isa = PBXFileReference; lastKnownFileType = sourcecode.swift; path = Appearance.swift; sourceTree = "<group>"; };
/* End PBXFileReference section */

/* Begin PBXFrameworksBuildPhase section */
		ED6E73782B0F04070034D786 /* Frameworks */ = {
			isa = PBXFrameworksBuildPhase;
			buildActionMask = 2147483647;
			files = (
			);
			runOnlyForDeploymentPostprocessing = 0;
		};
/* End PBXFrameworksBuildPhase section */

/* Begin PBXGroup section */
		ED6E73722B0F04070034D786 = {
			isa = PBXGroup;
			children = (
				ED6E737D2B0F04070034D786 /* Party */,
				ED6E737C2B0F04070034D786 /* Products */,
			);
			sourceTree = "<group>";
		};
		ED6E737C2B0F04070034D786 /* Products */ = {
			isa = PBXGroup;
			children = (
				ED6E737B2B0F04070034D786 /* Party.app */,
			);
			name = Products;
			sourceTree = "<group>";
		};
		ED6E737D2B0F04070034D786 /* Party */ = {
			isa = PBXGroup;
			children = (
				ED8E91782B1025C500F5DE66 /* Models */,
				ED8E916F2B1004B600F5DE66 /* Views */,
				ED6E737E2B0F04070034D786 /* PartyApp.swift */,
				ED6E73842B0F04080034D786 /* Assets.xcassets */,
				ED6E73862B0F04080034D786 /* Party.entitlements */,
				ED6E738A2B0F04080034D786 /* Info.plist */,
				ED6E73872B0F04080034D786 /* Preview Content */,
			);
			path = Party;
			sourceTree = "<group>";
		};
		ED6E73872B0F04080034D786 /* Preview Content */ = {
			isa = PBXGroup;
			children = (
				ED6E73882B0F04080034D786 /* Preview Assets.xcassets */,
			);
			path = "Preview Content";
			sourceTree = "<group>";
		};
		ED8E916F2B1004B600F5DE66 /* Views */ = {
			isa = PBXGroup;
			children = (
				ED6E73802B0F04070034D786 /* PartyView.swift */,
				ED8E91762B1025A000F5DE66 /* RegularView.swift */,
				ED8E91742B10258D00F5DE66 /* CompactView.swift */,
				ED8E91712B10252B00F5DE66 /* Shared */,
			);
			path = Views;
			sourceTree = "<group>";
		};
		ED8E91712B10252B00F5DE66 /* Shared */ = {
			isa = PBXGroup;
			children = (
				ED8E917B2B102EB400F5DE66 /* DashboardView.swift */,
				ED8E917D2B102EC000F5DE66 /* AccountsView.swift */,
				ED8E917F2B102ED000F5DE66 /* SettingsView.swift */,
			);
			path = Shared;
			sourceTree = "<group>";
		};
		ED8E91782B1025C500F5DE66 /* Models */ = {
			isa = PBXGroup;
			children = (
				ED8E91792B1025E400F5DE66 /* Active.swift */,
				ED8E91812B10347200F5DE66 /* Appearance.swift */,
			);
			path = Models;
			sourceTree = "<group>";
		};
/* End PBXGroup section */

/* Begin PBXNativeTarget section */
		ED6E737A2B0F04070034D786 /* Party */ = {
			isa = PBXNativeTarget;
			buildConfigurationList = ED6E738D2B0F04080034D786 /* Build configuration list for PBXNativeTarget "Party" */;
			buildPhases = (
				ED6E73772B0F04070034D786 /* Sources */,
				ED6E73782B0F04070034D786 /* Frameworks */,
				ED6E73792B0F04070034D786 /* Resources */,
			);
			buildRules = (
			);
			dependencies = (
			);
			name = Party;
			productName = Party;
			productReference = ED6E737B2B0F04070034D786 /* Party.app */;
			productType = "com.apple.product-type.application";
		};
/* End PBXNativeTarget section */

/* Begin PBXProject section */
		ED6E73732B0F04070034D786 /* Project object */ = {
			isa = PBXProject;
			attributes = {
				BuildIndependentTargetsInParallel = 1;
				LastSwiftUpdateCheck = 1500;
				LastUpgradeCheck = 1500;
				TargetAttributes = {
					ED6E737A2B0F04070034D786 = {
						CreatedOnToolsVersion = 15.0.1;
					};
				};
			};
			buildConfigurationList = ED6E73762B0F04070034D786 /* Build configuration list for PBXProject "Party" */;
			compatibilityVersion = "Xcode 14.0";
			developmentRegion = en;
			hasScannedForEncodings = 0;
			knownRegions = (
				en,
				Base,
			);
			mainGroup = ED6E73722B0F04070034D786;
			productRefGroup = ED6E737C2B0F04070034D786 /* Products */;
			projectDirPath = "";
			projectRoot = "";
			targets = (
				ED6E737A2B0F04070034D786 /* Party */,
			);
		};
/* End PBXProject section */

/* Begin PBXResourcesBuildPhase section */
		ED6E73792B0F04070034D786 /* Resources */ = {
			isa = PBXResourcesBuildPhase;
			buildActionMask = 2147483647;
			files = (
				ED6E73892B0F04080034D786 /* Preview Assets.xcassets in Resources */,
				ED6E73852B0F04080034D786 /* Assets.xcassets in Resources */,
			);
			runOnlyForDeploymentPostprocessing = 0;
		};
/* End PBXResourcesBuildPhase section */

/* Begin PBXSourcesBuildPhase section */
		ED6E73772B0F04070034D786 /* Sources */ = {
			isa = PBXSourcesBuildPhase;
			buildActionMask = 2147483647;
			files = (
				ED8E91772B1025A000F5DE66 /* RegularView.swift in Sources */,
				ED8E91822B10347200F5DE66 /* Appearance.swift in Sources */,
				ED8E91802B102ED000F5DE66 /* SettingsView.swift in Sources */,
				ED8E917C2B102EB400F5DE66 /* DashboardView.swift in Sources */,
				ED6E73812B0F04070034D786 /* PartyView.swift in Sources */,
				ED6E737F2B0F04070034D786 /* PartyApp.swift in Sources */,
				ED8E917E2B102EC000F5DE66 /* AccountsView.swift in Sources */,
				ED8E91752B10258D00F5DE66 /* CompactView.swift in Sources */,
				ED8E917A2B1025E400F5DE66 /* Active.swift in Sources */,
			);
			runOnlyForDeploymentPostprocessing = 0;
		};
/* End PBXSourcesBuildPhase section */

/* Begin XCBuildConfiguration section */
		ED6E738B2B0F04080034D786 /* Debug */ = {
			isa = XCBuildConfiguration;
			buildSettings = {
				ALWAYS_SEARCH_USER_PATHS = NO;
				ASSETCATALOG_COMPILER_GENERATE_SWIFT_ASSET_SYMBOL_EXTENSIONS = YES;
				CLANG_ANALYZER_NONNULL = YES;
				CLANG_ANALYZER_NUMBER_OBJECT_CONVERSION = YES_AGGRESSIVE;
				CLANG_CXX_LANGUAGE_STANDARD = "gnu++20";
				CLANG_ENABLE_MODULES = YES;
				CLANG_ENABLE_OBJC_ARC = YES;
				CLANG_ENABLE_OBJC_WEAK = YES;
				CLANG_WARN_BLOCK_CAPTURE_AUTORELEASING = YES;
				CLANG_WARN_BOOL_CONVERSION = YES;
				CLANG_WARN_COMMA = YES;
				CLANG_WARN_CONSTANT_CONVERSION = YES;
				CLANG_WARN_DEPRECATED_OBJC_IMPLEMENTATIONS = YES;
				CLANG_WARN_DIRECT_OBJC_ISA_USAGE = YES_ERROR;
				CLANG_WARN_DOCUMENTATION_COMMENTS = YES;
				CLANG_WARN_EMPTY_BODY = YES;
				CLANG_WARN_ENUM_CONVERSION = YES;
				CLANG_WARN_INFINITE_RECURSION = YES;
				CLANG_WARN_INT_CONVERSION = YES;
				CLANG_WARN_NON_LITERAL_NULL_CONVERSION = YES;
				CLANG_WARN_OBJC_IMPLICIT_RETAIN_SELF = YES;
				CLANG_WARN_OBJC_LITERAL_CONVERSION = YES;
				CLANG_WARN_OBJC_ROOT_CLASS = YES_ERROR;
				CLANG_WARN_QUOTED_INCLUDE_IN_FRAMEWORK_HEADER = YES;
				CLANG_WARN_RANGE_LOOP_ANALYSIS = YES;
				CLANG_WARN_STRICT_PROTOTYPES = YES;
				CLANG_WARN_SUSPICIOUS_MOVE = YES;
				CLANG_WARN_UNGUARDED_AVAILABILITY = YES_AGGRESSIVE;
				CLANG_WARN_UNREACHABLE_CODE = YES;
				CLANG_WARN__DUPLICATE_METHOD_MATCH = YES;
				COPY_PHASE_STRIP = NO;
				DEBUG_INFORMATION_FORMAT = dwarf;
				ENABLE_STRICT_OBJC_MSGSEND = YES;
				ENABLE_TESTABILITY = YES;
				ENABLE_USER_SCRIPT_SANDBOXING = YES;
				GCC_C_LANGUAGE_STANDARD = gnu17;
				GCC_DYNAMIC_NO_PIC = NO;
				GCC_NO_COMMON_BLOCKS = YES;
				GCC_OPTIMIZATION_LEVEL = 0;
				GCC_PREPROCESSOR_DEFINITIONS = (
					"DEBUG=1",
					"$(inherited)",
				);
				GCC_WARN_64_TO_32_BIT_CONVERSION = YES;
				GCC_WARN_ABOUT_RETURN_TYPE = YES_ERROR;
				GCC_WARN_UNDECLARED_SELECTOR = YES;
				GCC_WARN_UNINITIALIZED_AUTOS = YES_AGGRESSIVE;
				GCC_WARN_UNUSED_FUNCTION = YES;
				GCC_WARN_UNUSED_VARIABLE = YES;
				LOCALIZATION_PREFERS_STRING_CATALOGS = YES;
				MTL_ENABLE_DEBUG_INFO = INCLUDE_SOURCE;
				MTL_FAST_MATH = YES;
				ONLY_ACTIVE_ARCH = YES;
				SWIFT_ACTIVE_COMPILATION_CONDITIONS = "DEBUG $(inherited)";
				SWIFT_OPTIMIZATION_LEVEL = "-Onone";
			};
			name = Debug;
		};
		ED6E738C2B0F04080034D786 /* Release */ = {
			isa = XCBuildConfiguration;
			buildSettings = {
				ALWAYS_SEARCH_USER_PATHS = NO;
				ASSETCATALOG_COMPILER_GENERATE_SWIFT_ASSET_SYMBOL_EXTENSIONS = YES;
				CLANG_ANALYZER_NONNULL = YES;
				CLANG_ANALYZER_NUMBER_OBJECT_CONVERSION = YES_AGGRESSIVE;
				CLANG_CXX_LANGUAGE_STANDARD = "gnu++20";
				CLANG_ENABLE_MODULES = YES;
				CLANG_ENABLE_OBJC_ARC = YES;
				CLANG_ENABLE_OBJC_WEAK = YES;
				CLANG_WARN_BLOCK_CAPTURE_AUTORELEASING = YES;
				CLANG_WARN_BOOL_CONVERSION = YES;
				CLANG_WARN_COMMA = YES;
				CLANG_WARN_CONSTANT_CONVERSION = YES;
				CLANG_WARN_DEPRECATED_OBJC_IMPLEMENTATIONS = YES;
				CLANG_WARN_DIRECT_OBJC_ISA_USAGE = YES_ERROR;
				CLANG_WARN_DOCUMENTATION_COMMENTS = YES;
				CLANG_WARN_EMPTY_BODY = YES;
				CLANG_WARN_ENUM_CONVERSION = YES;
				CLANG_WARN_INFINITE_RECURSION = YES;
				CLANG_WARN_INT_CONVERSION = YES;
				CLANG_WARN_NON_LITERAL_NULL_CONVERSION = YES;
				CLANG_WARN_OBJC_IMPLICIT_RETAIN_SELF = YES;
				CLANG_WARN_OBJC_LITERAL_CONVERSION = YES;
				CLANG_WARN_OBJC_ROOT_CLASS = YES_ERROR;
				CLANG_WARN_QUOTED_INCLUDE_IN_FRAMEWORK_HEADER = YES;
				CLANG_WARN_RANGE_LOOP_ANALYSIS = YES;
				CLANG_WARN_STRICT_PROTOTYPES = YES;
				CLANG_WARN_SUSPICIOUS_MOVE = YES;
				CLANG_WARN_UNGUARDED_AVAILABILITY = YES_AGGRESSIVE;
				CLANG_WARN_UNREACHABLE_CODE = YES;
				CLANG_WARN__DUPLICATE_METHOD_MATCH = YES;
				COPY_PHASE_STRIP = NO;
				DEBUG_INFORMATION_FORMAT = "dwarf-with-dsym";
				ENABLE_NS_ASSERTIONS = NO;
				ENABLE_STRICT_OBJC_MSGSEND = YES;
				ENABLE_USER_SCRIPT_SANDBOXING = YES;
				GCC_C_LANGUAGE_STANDARD = gnu17;
				GCC_NO_COMMON_BLOCKS = YES;
				GCC_WARN_64_TO_32_BIT_CONVERSION = YES;
				GCC_WARN_ABOUT_RETURN_TYPE = YES_ERROR;
				GCC_WARN_UNDECLARED_SELECTOR = YES;
				GCC_WARN_UNINITIALIZED_AUTOS = YES_AGGRESSIVE;
				GCC_WARN_UNUSED_FUNCTION = YES;
				GCC_WARN_UNUSED_VARIABLE = YES;
				LOCALIZATION_PREFERS_STRING_CATALOGS = YES;
				MTL_ENABLE_DEBUG_INFO = NO;
				MTL_FAST_MATH = YES;
				SWIFT_COMPILATION_MODE = wholemodule;
			};
			name = Release;
		};
		ED6E738E2B0F04080034D786 /* Debug */ = {
			isa = XCBuildConfiguration;
			buildSettings = {
				ASSETCATALOG_COMPILER_APPICON_NAME = AppIcon;
				ASSETCATALOG_COMPILER_GLOBAL_ACCENT_COLOR_NAME = AccentColor;
				CODE_SIGN_ENTITLEMENTS = Party/Party.entitlements;
				CODE_SIGN_STYLE = Automatic;
				CURRENT_PROJECT_VERSION = 1;
				DEVELOPMENT_ASSET_PATHS = "\"Party/Preview Content\"";
				DEVELOPMENT_TEAM = 99JJXS75CQ;
				ENABLE_HARDENED_RUNTIME = YES;
				ENABLE_PREVIEWS = YES;
				GENERATE_INFOPLIST_FILE = YES;
				INFOPLIST_FILE = Party/Info.plist;
				"INFOPLIST_KEY_UIApplicationSceneManifest_Generation[sdk=iphoneos*]" = YES;
				"INFOPLIST_KEY_UIApplicationSceneManifest_Generation[sdk=iphonesimulator*]" = YES;
				"INFOPLIST_KEY_UIApplicationSupportsIndirectInputEvents[sdk=iphoneos*]" = YES;
				"INFOPLIST_KEY_UIApplicationSupportsIndirectInputEvents[sdk=iphonesimulator*]" = YES;
				"INFOPLIST_KEY_UILaunchScreen_Generation[sdk=iphoneos*]" = YES;
				"INFOPLIST_KEY_UILaunchScreen_Generation[sdk=iphonesimulator*]" = YES;
				"INFOPLIST_KEY_UIStatusBarStyle[sdk=iphoneos*]" = UIStatusBarStyleDefault;
				"INFOPLIST_KEY_UIStatusBarStyle[sdk=iphonesimulator*]" = UIStatusBarStyleDefault;
				INFOPLIST_KEY_UISupportedInterfaceOrientations_iPad = "UIInterfaceOrientationPortrait UIInterfaceOrientationPortraitUpsideDown UIInterfaceOrientationLandscapeLeft UIInterfaceOrientationLandscapeRight";
				INFOPLIST_KEY_UISupportedInterfaceOrientations_iPhone = "UIInterfaceOrientationPortrait UIInterfaceOrientationLandscapeLeft UIInterfaceOrientationLandscapeRight";
				IPHONEOS_DEPLOYMENT_TARGET = 17.0;
				LD_RUNPATH_SEARCH_PATHS = "@executable_path/Frameworks";
				"LD_RUNPATH_SEARCH_PATHS[sdk=macosx*]" = "@executable_path/../Frameworks";
				MACOSX_DEPLOYMENT_TARGET = 14.0;
				MARKETING_VERSION = 1.0;
				PRODUCT_BUNDLE_IDENTIFIER = org.partylabs.bank;
				PRODUCT_NAME = "$(TARGET_NAME)";
				SDKROOT = auto;
				SUPPORTED_PLATFORMS = "iphoneos iphonesimulator macosx";
				SWIFT_EMIT_LOC_STRINGS = YES;
				SWIFT_VERSION = 5.0;
				TARGETED_DEVICE_FAMILY = "1,2";
			};
			name = Debug;
		};
		ED6E738F2B0F04080034D786 /* Release */ = {
			isa = XCBuildConfiguration;
			buildSettings = {
				ASSETCATALOG_COMPILER_APPICON_NAME = AppIcon;
				ASSETCATALOG_COMPILER_GLOBAL_ACCENT_COLOR_NAME = AccentColor;
				CODE_SIGN_ENTITLEMENTS = Party/Party.entitlements;
				CODE_SIGN_STYLE = Automatic;
				CURRENT_PROJECT_VERSION = 1;
				DEVELOPMENT_ASSET_PATHS = "\"Party/Preview Content\"";
				DEVELOPMENT_TEAM = 99JJXS75CQ;
				ENABLE_HARDENED_RUNTIME = YES;
				ENABLE_PREVIEWS = YES;
				GENERATE_INFOPLIST_FILE = YES;
				INFOPLIST_FILE = Party/Info.plist;
				"INFOPLIST_KEY_UIApplicationSceneManifest_Generation[sdk=iphoneos*]" = YES;
				"INFOPLIST_KEY_UIApplicationSceneManifest_Generation[sdk=iphonesimulator*]" = YES;
				"INFOPLIST_KEY_UIApplicationSupportsIndirectInputEvents[sdk=iphoneos*]" = YES;
				"INFOPLIST_KEY_UIApplicationSupportsIndirectInputEvents[sdk=iphonesimulator*]" = YES;
				"INFOPLIST_KEY_UILaunchScreen_Generation[sdk=iphoneos*]" = YES;
				"INFOPLIST_KEY_UILaunchScreen_Generation[sdk=iphonesimulator*]" = YES;
				"INFOPLIST_KEY_UIStatusBarStyle[sdk=iphoneos*]" = UIStatusBarStyleDefault;
				"INFOPLIST_KEY_UIStatusBarStyle[sdk=iphonesimulator*]" = UIStatusBarStyleDefault;
				INFOPLIST_KEY_UISupportedInterfaceOrientations_iPad = "UIInterfaceOrientationPortrait UIInterfaceOrientationPortraitUpsideDown UIInterfaceOrientationLandscapeLeft UIInterfaceOrientationLandscapeRight";
				INFOPLIST_KEY_UISupportedInterfaceOrientations_iPhone = "UIInterfaceOrientationPortrait UIInterfaceOrientationLandscapeLeft UIInterfaceOrientationLandscapeRight";
				IPHONEOS_DEPLOYMENT_TARGET = 17.0;
				LD_RUNPATH_SEARCH_PATHS = "@executable_path/Frameworks";
				"LD_RUNPATH_SEARCH_PATHS[sdk=macosx*]" = "@executable_path/../Frameworks";
				MACOSX_DEPLOYMENT_TARGET = 14.0;
				MARKETING_VERSION = 1.0;
				PRODUCT_BUNDLE_IDENTIFIER = org.partylabs.bank;
				PRODUCT_NAME = "$(TARGET_NAME)";
				SDKROOT = auto;
				SUPPORTED_PLATFORMS = "iphoneos iphonesimulator macosx";
				SWIFT_EMIT_LOC_STRINGS = YES;
				SWIFT_VERSION = 5.0;
				TARGETED_DEVICE_FAMILY = "1,2";
			};
			name = Release;
		};
/* End XCBuildConfiguration section */

/* Begin XCConfigurationList section */
		ED6E73762B0F04070034D786 /* Build configuration list for PBXProject "Party" */ = {
			isa = XCConfigurationList;
			buildConfigurations = (
				ED6E738B2B0F04080034D786 /* Debug */,
				ED6E738C2B0F04080034D786 /* Release */,
			);
			defaultConfigurationIsVisible = 0;
			defaultConfigurationName = Release;
		};
		ED6E738D2B0F04080034D786 /* Build configuration list for PBXNativeTarget "Party" */ = {
			isa = XCConfigurationList;
			buildConfigurations = (
				ED6E738E2B0F04080034D786 /* Debug */,
				ED6E738F2B0F04080034D786 /* Release */,
			);
			defaultConfigurationIsVisible = 0;
			defaultConfigurationName = Release;
		};
/* End XCConfigurationList section */
	};
	rootObject = ED6E73732B0F04070034D786 /* Project object */;
}
